// !$*UTF8*$!
{
	archiveVersion = 1;
	classes = {
	};
	objectVersion = 46;
	objects = {

/* Begin PBXBuildFile section */
		046662831C151B9300D5521D /* main.m in Sources */ = {isa = PBXBuildFile; fileRef = 046662821C151B9300D5521D /* main.m */; };
		046662861C151B9300D5521D /* AppDelegate.m in Sources */ = {isa = PBXBuildFile; fileRef = 046662851C151B9300D5521D /* AppDelegate.m */; };
		046662891C151B9300D5521D /* ViewController.m in Sources */ = {isa = PBXBuildFile; fileRef = 046662881C151B9300D5521D /* ViewController.m */; };
		0466628C1C151B9300D5521D /* Main.storyboard in Resources */ = {isa = PBXBuildFile; fileRef = 0466628A1C151B9300D5521D /* Main.storyboard */; };
		0466628E1C151B9300D5521D /* Images.xcassets in Resources */ = {isa = PBXBuildFile; fileRef = 0466628D1C151B9300D5521D /* Images.xcassets */; };
		046662911C151B9300D5521D /* LaunchScreen.xib in Resources */ = {isa = PBXBuildFile; fileRef = 0466628F1C151B9300D5521D /* LaunchScreen.xib */; };
		0466629D1C151B9300D5521D /* OCNewProjectTests.m in Sources */ = {isa = PBXBuildFile; fileRef = 0466629C1C151B9300D5521D /* OCNewProjectTests.m */; };
		046A04B21C15792900F9372A /* JKHttpRequest.m in Sources */ = {isa = PBXBuildFile; fileRef = 046A04B11C15792900F9372A /* JKHttpRequest.m */; };
		046A04B51C157A1500F9372A /* JKHttpManager.m in Sources */ = {isa = PBXBuildFile; fileRef = 046A04B41C157A1500F9372A /* JKHttpManager.m */; };
		046A04B81C157ACF00F9372A /* RootModel.m in Sources */ = {isa = PBXBuildFile; fileRef = 046A04B71C157ACF00F9372A /* RootModel.m */; };
		046A04BB1C157AF700F9372A /* AppModel.m in Sources */ = {isa = PBXBuildFile; fileRef = 046A04BA1C157AF700F9372A /* AppModel.m */; };
		046A04BE1C1584CB00F9372A /* RootViewController.m in Sources */ = {isa = PBXBuildFile; fileRef = 046A04BD1C1584CB00F9372A /* RootViewController.m */; };
		049E73211C2EAB610031AD74 /* NSArray+Log.m in Sources */ = {isa = PBXBuildFile; fileRef = 049E73201C2EAB610031AD74 /* NSArray+Log.m */; };
		049E73251C2EAC330031AD74 /* NSDictionary+Log.m in Sources */ = {isa = PBXBuildFile; fileRef = 049E73241C2EAC330031AD74 /* NSDictionary+Log.m */; };
		04D680D61C185F8700B00DB6 /* JKHttpBlockRequest.m in Sources */ = {isa = PBXBuildFile; fileRef = 04D680D51C185F8700B00DB6 /* JKHttpBlockRequest.m */; };
/* End PBXBuildFile section */

/* Begin PBXContainerItemProxy section */
		046662971C151B9300D5521D /* PBXContainerItemProxy */ = {
			isa = PBXContainerItemProxy;
			containerPortal = 046662751C151B9300D5521D /* Project object */;
			proxyType = 1;
			remoteGlobalIDString = 0466627C1C151B9300D5521D;
			remoteInfo = OCNewProject;
		};
/* End PBXContainerItemProxy section */

/* Begin PBXFileReference section */
		0466627D1C151B9300D5521D /* OCNewProject.app */ = {isa = PBXFileReference; explicitFileType = wrapper.application; includeInIndex = 0; path = OCNewProject.app; sourceTree = BUILT_PRODUCTS_DIR; };
		046662811C151B9300D5521D /* Info.plist */ = {isa = PBXFileReference; lastKnownFileType = text.plist.xml; path = Info.plist; sourceTree = "<group>"; };
		046662821C151B9300D5521D /* main.m */ = {isa = PBXFileReference; lastKnownFileType = sourcecode.c.objc; path = main.m; sourceTree = "<group>"; };
		046662841C151B9300D5521D /* AppDelegate.h */ = {isa = PBXFileReference; lastKnownFileType = sourcecode.c.h; path = AppDelegate.h; sourceTree = "<group>"; };
		046662851C151B9300D5521D /* AppDelegate.m */ = {isa = PBXFileReference; lastKnownFileType = sourcecode.c.objc; path = AppDelegate.m; sourceTree = "<group>"; };
		046662871C151B9300D5521D /* ViewController.h */ = {isa = PBXFileReference; lastKnownFileType = sourcecode.c.h; name = ViewController.h; path = OCNewProject/ViewController.h; sourceTree = "<group>"; };
		046662881C151B9300D5521D /* ViewController.m */ = {isa = PBXFileReference; lastKnownFileType = sourcecode.c.objc; name = ViewController.m; path = OCNewProject/ViewController.m; sourceTree = "<group>"; };
		0466628B1C151B9300D5521D /* Base */ = {isa = PBXFileReference; lastKnownFileType = file.storyboard; name = Base; path = Base.lproj/Main.storyboard; sourceTree = "<group>"; };
		0466628D1C151B9300D5521D /* Images.xcassets */ = {isa = PBXFileReference; lastKnownFileType = folder.assetcatalog; path = Images.xcassets; sourceTree = "<group>"; };
		046662901C151B9300D5521D /* Base */ = {isa = PBXFileReference; lastKnownFileType = file.xib; name = Base; path = Base.lproj/LaunchScreen.xib; sourceTree = "<group>"; };
		046662961C151B9300D5521D /* OCNewProjectTests.xctest */ = {isa = PBXFileReference; explicitFileType = wrapper.cfbundle; includeInIndex = 0; path = OCNewProjectTests.xctest; sourceTree = BUILT_PRODUCTS_DIR; };
		0466629B1C151B9300D5521D /* Info.plist */ = {isa = PBXFileReference; lastKnownFileType = text.plist.xml; path = Info.plist; sourceTree = "<group>"; };
		0466629C1C151B9300D5521D /* OCNewProjectTests.m */ = {isa = PBXFileReference; lastKnownFileType = sourcecode.c.objc; path = OCNewProjectTests.m; sourceTree = "<group>"; };
		046A04B01C15792900F9372A /* JKHttpRequest.h */ = {isa = PBXFileReference; fileEncoding = 4; lastKnownFileType = sourcecode.c.h; path = JKHttpRequest.h; sourceTree = "<group>"; };
		046A04B11C15792900F9372A /* JKHttpRequest.m */ = {isa = PBXFileReference; fileEncoding = 4; lastKnownFileType = sourcecode.c.objc; path = JKHttpRequest.m; sourceTree = "<group>"; };
		046A04B31C157A1500F9372A /* JKHttpManager.h */ = {isa = PBXFileReference; fileEncoding = 4; lastKnownFileType = sourcecode.c.h; path = JKHttpManager.h; sourceTree = "<group>"; };
		046A04B41C157A1500F9372A /* JKHttpManager.m */ = {isa = PBXFileReference; fileEncoding = 4; lastKnownFileType = sourcecode.c.objc; path = JKHttpManager.m; sourceTree = "<group>"; };
		046A04B61C157ACF00F9372A /* RootModel.h */ = {isa = PBXFileReference; fileEncoding = 4; lastKnownFileType = sourcecode.c.h; path = RootModel.h; sourceTree = "<group>"; };
		046A04B71C157ACF00F9372A /* RootModel.m */ = {isa = PBXFileReference; fileEncoding = 4; lastKnownFileType = sourcecode.c.objc; path = RootModel.m; sourceTree = "<group>"; };
		046A04B91C157AF700F9372A /* AppModel.h */ = {isa = PBXFileReference; fileEncoding = 4; lastKnownFileType = sourcecode.c.h; path = AppModel.h; sourceTree = "<group>"; };
		046A04BA1C157AF700F9372A /* AppModel.m */ = {isa = PBXFileReference; fileEncoding = 4; lastKnownFileType = sourcecode.c.objc; path = AppModel.m; sourceTree = "<group>"; };
		046A04BC1C1584CB00F9372A /* RootViewController.h */ = {isa = PBXFileReference; fileEncoding = 4; lastKnownFileType = sourcecode.c.h; path = RootViewController.h; sourceTree = "<group>"; };
		046A04BD1C1584CB00F9372A /* RootViewController.m */ = {isa = PBXFileReference; fileEncoding = 4; lastKnownFileType = sourcecode.c.objc; path = RootViewController.m; sourceTree = "<group>"; };
		049E731F1C2EAB610031AD74 /* NSArray+Log.h */ = {isa = PBXFileReference; fileEncoding = 4; lastKnownFileType = sourcecode.c.h; name = "NSArray+Log.h"; path = "OCNewProject/NSArray+Log.h"; sourceTree = "<group>"; };
		049E73201C2EAB610031AD74 /* NSArray+Log.m */ = {isa = PBXFileReference; fileEncoding = 4; lastKnownFileType = sourcecode.c.objc; name = "NSArray+Log.m"; path = "OCNewProject/NSArray+Log.m"; sourceTree = "<group>"; };
		049E73231C2EAC330031AD74 /* NSDictionary+Log.h */ = {isa = PBXFileReference; fileEncoding = 4; lastKnownFileType = sourcecode.c.h; path = "NSDictionary+Log.h"; sourceTree = "<group>"; };
		049E73241C2EAC330031AD74 /* NSDictionary+Log.m */ = {isa = PBXFileReference; fileEncoding = 4; lastKnownFileType = sourcecode.c.objc; path = "NSDictionary+Log.m"; sourceTree = "<group>"; };
		04D680D41C185F8700B00DB6 /* JKHttpBlockRequest.h */ = {isa = PBXFileReference; fileEncoding = 4; lastKnownFileType = sourcecode.c.h; path = JKHttpBlockRequest.h; sourceTree = "<group>"; };
		04D680D51C185F8700B00DB6 /* JKHttpBlockRequest.m */ = {isa = PBXFileReference; fileEncoding = 4; lastKnownFileType = sourcecode.c.objc; path = JKHttpBlockRequest.m; sourceTree = "<group>"; };
/* End PBXFileReference section */

/* Begin PBXFrameworksBuildPhase section */
		0466627A1C151B9300D5521D /* Frameworks */ = {
			isa = PBXFrameworksBuildPhase;
			buildActionMask = 2147483647;
			files = (
			);
			runOnlyForDeploymentPostprocessing = 0;
		};
		046662931C151B9300D5521D /* Frameworks */ = {
			isa = PBXFrameworksBuildPhase;
			buildActionMask = 2147483647;
			files = (
			);
			runOnlyForDeploymentPostprocessing = 0;
		};
/* End PBXFrameworksBuildPhase section */

/* Begin PBXGroup section */
		046662741C151B9300D5521D = {
			isa = PBXGroup;
			children = (
				049E73221C2EAB730031AD74 /* tool */,
				046A04AF1C1578E900F9372A /* controller */,
				046A04AE1C1578C800F9372A /* view */,
				046A04AD1C15787D00F9372A /* model */,
				046A04AC1C15787600F9372A /* net */,
				0466627F1C151B9300D5521D /* OCNewProject */,
				046662991C151B9300D5521D /* OCNewProjectTests */,
				0466627E1C151B9300D5521D /* Products */,
			);
			sourceTree = "<group>";
		};
		0466627E1C151B9300D5521D /* Products */ = {
			isa = PBXGroup;
			children = (
				0466627D1C151B9300D5521D /* OCNewProject.app */,
				046662961C151B9300D5521D /* OCNewProjectTests.xctest */,
			);
			name = Products;
			sourceTree = "<group>";
		};
		0466627F1C151B9300D5521D /* OCNewProject */ = {
			isa = PBXGroup;
			children = (
				046662841C151B9300D5521D /* AppDelegate.h */,
				046662851C151B9300D5521D /* AppDelegate.m */,
				0466628A1C151B9300D5521D /* Main.storyboard */,
				0466628D1C151B9300D5521D /* Images.xcassets */,
				0466628F1C151B9300D5521D /* LaunchScreen.xib */,
				046662801C151B9300D5521D /* Supporting Files */,
			);
			path = OCNewProject;
			sourceTree = "<group>";
		};
		046662801C151B9300D5521D /* Supporting Files */ = {
			isa = PBXGroup;
			children = (
				046662811C151B9300D5521D /* Info.plist */,
				046662821C151B9300D5521D /* main.m */,
			);
			name = "Supporting Files";
			sourceTree = "<group>";
		};
		046662991C151B9300D5521D /* OCNewProjectTests */ = {
			isa = PBXGroup;
			children = (
				0466629C1C151B9300D5521D /* OCNewProjectTests.m */,
				0466629A1C151B9300D5521D /* Supporting Files */,
			);
			path = OCNewProjectTests;
			sourceTree = "<group>";
		};
		0466629A1C151B9300D5521D /* Supporting Files */ = {
			isa = PBXGroup;
			children = (
				0466629B1C151B9300D5521D /* Info.plist */,
			);
			name = "Supporting Files";
			sourceTree = "<group>";
		};
		046A04AC1C15787600F9372A /* net */ = {
			isa = PBXGroup;
			children = (
				04D680D41C185F8700B00DB6 /* JKHttpBlockRequest.h */,
				04D680D51C185F8700B00DB6 /* JKHttpBlockRequest.m */,
				046A04B01C15792900F9372A /* JKHttpRequest.h */,
				046A04B11C15792900F9372A /* JKHttpRequest.m */,
				046A04B31C157A1500F9372A /* JKHttpManager.h */,
				046A04B41C157A1500F9372A /* JKHttpManager.m */,
			);
			name = net;
			sourceTree = "<group>";
		};
		046A04AD1C15787D00F9372A /* model */ = {
			isa = PBXGroup;
			children = (
				046A04B61C157ACF00F9372A /* RootModel.h */,
				046A04B71C157ACF00F9372A /* RootModel.m */,
				046A04B91C157AF700F9372A /* AppModel.h */,
				046A04BA1C157AF700F9372A /* AppModel.m */,
			);
			name = model;
			sourceTree = "<group>";
		};
		046A04AE1C1578C800F9372A /* view */ = {
			isa = PBXGroup;
			children = (
			);
			name = view;
			sourceTree = "<group>";
		};
		046A04AF1C1578E900F9372A /* controller */ = {
			isa = PBXGroup;
			children = (
				046662871C151B9300D5521D /* ViewController.h */,
				046662881C151B9300D5521D /* ViewController.m */,
				046A04BC1C1584CB00F9372A /* RootViewController.h */,
				046A04BD1C1584CB00F9372A /* RootViewController.m */,
			);
			name = controller;
			sourceTree = "<group>";
		};
		049E73221C2EAB730031AD74 /* tool */ = {
			isa = PBXGroup;
			children = (
				049E731F1C2EAB610031AD74 /* NSArray+Log.h */,
				049E73201C2EAB610031AD74 /* NSArray+Log.m */,
				049E73231C2EAC330031AD74 /* NSDictionary+Log.h */,
				049E73241C2EAC330031AD74 /* NSDictionary+Log.m */,
			);
			name = tool;
			sourceTree = "<group>";
		};
/* End PBXGroup section */

/* Begin PBXNativeTarget section */
		0466627C1C151B9300D5521D /* OCNewProject */ = {
			isa = PBXNativeTarget;
			buildConfigurationList = 046662A01C151B9400D5521D /* Build configuration list for PBXNativeTarget "OCNewProject" */;
			buildPhases = (
				046662791C151B9300D5521D /* Sources */,
				0466627A1C151B9300D5521D /* Frameworks */,
				0466627B1C151B9300D5521D /* Resources */,
			);
			buildRules = (
			);
			dependencies = (
			);
			name = OCNewProject;
			productName = OCNewProject;
			productReference = 0466627D1C151B9300D5521D /* OCNewProject.app */;
			productType = "com.apple.product-type.application";
		};
		046662951C151B9300D5521D /* OCNewProjectTests */ = {
			isa = PBXNativeTarget;
			buildConfigurationList = 046662A31C151B9400D5521D /* Build configuration list for PBXNativeTarget "OCNewProjectTests" */;
			buildPhases = (
				046662921C151B9300D5521D /* Sources */,
				046662931C151B9300D5521D /* Frameworks */,
				046662941C151B9300D5521D /* Resources */,
			);
			buildRules = (
			);
			dependencies = (
				046662981C151B9300D5521D /* PBXTargetDependency */,
			);
			name = OCNewProjectTests;
			productName = OCNewProjectTests;
			productReference = 046662961C151B9300D5521D /* OCNewProjectTests.xctest */;
			productType = "com.apple.product-type.bundle.unit-test";
		};
/* End PBXNativeTarget section */

/* Begin PBXProject section */
		046662751C151B9300D5521D /* Project object */ = {
			isa = PBXProject;
			attributes = {
				LastUpgradeCheck = 0640;
				ORGANIZATIONNAME = JackKing;
				TargetAttributes = {
					0466627C1C151B9300D5521D = {
						CreatedOnToolsVersion = 6.4;
					};
					046662951C151B9300D5521D = {
						CreatedOnToolsVersion = 6.4;
						TestTargetID = 0466627C1C151B9300D5521D;
					};
				};
			};
			buildConfigurationList = 046662781C151B9300D5521D /* Build configuration list for PBXProject "OCNewProject" */;
			compatibilityVersion = "Xcode 3.2";
			developmentRegion = English;
			hasScannedForEncodings = 0;
			knownRegions = (
				en,
				Base,
			);
			mainGroup = 046662741C151B9300D5521D;
			productRefGroup = 0466627E1C151B9300D5521D /* Products */;
			projectDirPath = "";
			projectRoot = "";
			targets = (
				0466627C1C151B9300D5521D /* OCNewProject */,
				046662951C151B9300D5521D /* OCNewProjectTests */,
			);
		};
/* End PBXProject section */

/* Begin PBXResourcesBuildPhase section */
		0466627B1C151B9300D5521D /* Resources */ = {
			isa = PBXResourcesBuildPhase;
			buildActionMask = 2147483647;
			files = (
				0466628C1C151B9300D5521D /* Main.storyboard in Resources */,
				046662911C151B9300D5521D /* LaunchScreen.xib in Resources */,
				0466628E1C151B9300D5521D /* Images.xcassets in Resources */,
			);
			runOnlyForDeploymentPostprocessing = 0;
		};
		046662941C151B9300D5521D /* Resources */ = {
			isa = PBXResourcesBuildPhase;
			buildActionMask = 2147483647;
			files = (
			);
			runOnlyForDeploymentPostprocessing = 0;
		};
/* End PBXResourcesBuildPhase section */

/* Begin PBXSourcesBuildPhase section */
		046662791C151B9300D5521D /* Sources */ = {
			isa = PBXSourcesBuildPhase;
			buildActionMask = 2147483647;
			files = (
				046A04B21C15792900F9372A /* JKHttpRequest.m in Sources */,
				046662891C151B9300D5521D /* ViewController.m in Sources */,
				046A04BE1C1584CB00F9372A /* RootViewController.m in Sources */,
				046A04BB1C157AF700F9372A /* AppModel.m in Sources */,
				046A04B51C157A1500F9372A /* JKHttpManager.m in Sources */,
				049E73251C2EAC330031AD74 /* NSDictionary+Log.m in Sources */,
				049E73211C2EAB610031AD74 /* NSArray+Log.m in Sources */,
				04D680D61C185F8700B00DB6 /* JKHttpBlockRequest.m in Sources */,
				046662861C151B9300D5521D /* AppDelegate.m in Sources */,
				046662831C151B9300D5521D /* main.m in Sources */,
				046A04B81C157ACF00F9372A /* RootModel.m in Sources */,
			);
			runOnlyForDeploymentPostprocessing = 0;
		};
		046662921C151B9300D5521D /* Sources */ = {
			isa = PBXSourcesBuildPhase;
			buildActionMask = 2147483647;
			files = (
				0466629D1C151B9300D5521D /* OCNewProjectTests.m in Sources */,
			);
			runOnlyForDeploymentPostprocessing = 0;
		};
/* End PBXSourcesBuildPhase section */

/* Begin PBXTargetDependency section */
		046662981C151B9300D5521D /* PBXTargetDependency */ = {
			isa = PBXTargetDependency;
			target = 0466627C1C151B9300D5521D /* OCNewProject */;
			targetProxy = 046662971C151B9300D5521D /* PBXContainerItemProxy */;
		};
/* End PBXTargetDependency section */

/* Begin PBXVariantGroup section */
		0466628A1C151B9300D5521D /* Main.storyboard */ = {
			isa = PBXVariantGroup;
			children = (
				0466628B1C151B9300D5521D /* Base */,
			);
			name = Main.storyboard;
			sourceTree = "<group>";
		};
		0466628F1C151B9300D5521D /* LaunchScreen.xib */ = {
			isa = PBXVariantGroup;
			children = (
				046662901C151B9300D5521D /* Base */,
			);
			name = LaunchScreen.xib;
			sourceTree = "<group>";
		};
/* End PBXVariantGroup section */

/* Begin XCBuildConfiguration section */
		0466629E1C151B9300D5521D /* Debug */ = {
			isa = XCBuildConfiguration;
			buildSettings = {
				ALWAYS_SEARCH_USER_PATHS = NO;
				CLANG_CXX_LANGUAGE_STANDARD = "gnu++0x";
				CLANG_CXX_LIBRARY = "libc++";
				CLANG_ENABLE_MODULES = YES;
				CLANG_ENABLE_OBJC_ARC = YES;
				CLANG_WARN_BOOL_CONVERSION = YES;
				CLANG_WARN_CONSTANT_CONVERSION = YES;
				CLANG_WARN_DIRECT_OBJC_ISA_USAGE = YES_ERROR;
				CLANG_WARN_EMPTY_BODY = YES;
				CLANG_WARN_ENUM_CONVERSION = YES;
				CLANG_WARN_INT_CONVERSION = YES;
				CLANG_WARN_OBJC_ROOT_CLASS = YES_ERROR;
				CLANG_WARN_UNREACHABLE_CODE = YES;
				CLANG_WARN__DUPLICATE_METHOD_MATCH = YES;
				"CODE_SIGN_IDENTITY[sdk=iphoneos*]" = "iPhone Developer";
				COPY_PHASE_STRIP = NO;
				DEBUG_INFORMATION_FORMAT = "dwarf-with-dsym";
				ENABLE_STRICT_OBJC_MSGSEND = YES;
				GCC_C_LANGUAGE_STANDARD = gnu99;
				GCC_DYNAMIC_NO_PIC = NO;
				GCC_NO_COMMON_BLOCKS = YES;
				GCC_OPTIMIZATION_LEVEL = 0;
				GCC_PREPROCESSOR_DEFINITIONS = (
					"DEBUG=1",
					"$(inherited)",
				);
				GCC_SYMBOLS_PRIVATE_EXTERN = NO;
				GCC_WARN_64_TO_32_BIT_CONVERSION = YES;
				GCC_WARN_ABOUT_RETURN_TYPE = YES_ERROR;
				GCC_WARN_UNDECLARED_SELECTOR = YES;
				GCC_WARN_UNINITIALIZED_AUTOS = YES_AGGRESSIVE;
				GCC_WARN_UNUSED_FUNCTION = YES;
				GCC_WARN_UNUSED_VARIABLE = YES;
				IPHONEOS_DEPLOYMENT_TARGET = 8.4;
				MTL_ENABLE_DEBUG_INFO = YES;
				ONLY_ACTIVE_ARCH = YES;
				SDKROOT = iphoneos;
			};
			name = Debug;
		};
		0466629F1C151B9300D5521D /* Release */ = {
			isa = XCBuildConfiguration;
			buildSettings = {
				ALWAYS_SEARCH_USER_PATHS = NO;
				CLANG_CXX_LANGUAGE_STANDARD = "gnu++0x";
				CLANG_CXX_LIBRARY = "libc++";
				CLANG_ENABLE_MODULES = YES;
				CLANG_ENABLE_OBJC_ARC = YES;
				CLANG_WARN_BOOL_CONVERSION = YES;
				CLANG_WARN_CONSTANT_CONVERSION = YES;
				CLANG_WARN_DIRECT_OBJC_ISA_USAGE = YES_ERROR;
				CLANG_WARN_EMPTY_BODY = YES;
				CLANG_WARN_ENUM_CONVERSION = YES;
				CLANG_WARN_INT_CONVERSION = YES;
				CLANG_WARN_OBJC_ROOT_CLASS = YES_ERROR;
				CLANG_WARN_UNREACHABLE_CODE = YES;
				CLANG_WARN__DUPLICATE_METHOD_MATCH = YES;
				"CODE_SIGN_IDENTITY[sdk=iphoneos*]" = "iPhone Developer";
				COPY_PHASE_STRIP = NO;
				DEBUG_INFORMATION_FORMAT = "dwarf-with-dsym";
				ENABLE_NS_ASSERTIONS = NO;
				ENABLE_STRICT_OBJC_MSGSEND = YES;
				GCC_C_LANGUAGE_STANDARD = gnu99;
				GCC_NO_COMMON_BLOCKS = YES;
				GCC_WARN_64_TO_32_BIT_CONVERSION = YES;
				GCC_WARN_ABOUT_RETURN_TYPE = YES_ERROR;
				GCC_WARN_UNDECLARED_SELECTOR = YES;
				GCC_WARN_UNINITIALIZED_AUTOS = YES_AGGRESSIVE;
				GCC_WARN_UNUSED_FUNCTION = YES;
				GCC_WARN_UNUSED_VARIABLE = YES;
				IPHONEOS_DEPLOYMENT_TARGET = 8.4;
				MTL_ENABLE_DEBUG_INFO = NO;
				SDKROOT = iphoneos;
				VALIDATE_PRODUCT = YES;
			};
			name = Release;
		};
		046662A11C151B9400D5521D /* Debug */ = {
			isa = XCBuildConfiguration;
			buildSettings = {
				ASSETCATALOG_COMPILER_APPICON_NAME = AppIcon;
				INFOPLIST_FILE = OCNewProject/Info.plist;
				LD_RUNPATH_SEARCH_PATHS = "$(inherited) @executable_path/Frameworks";
				PRODUCT_NAME = "$(TARGET_NAME)";
			};
			name = Debug;
		};
		046662A21C151B9400D5521D /* Release */ = {
			isa = XCBuildConfiguration;
			buildSettings = {
				ASSETCATALOG_COMPILER_APPICON_NAME = AppIcon;
				INFOPLIST_FILE = OCNewProject/Info.plist;
				LD_RUNPATH_SEARCH_PATHS = "$(inherited) @executable_path/Frameworks";
				PRODUCT_NAME = "$(TARGET_NAME)";
			};
			name = Release;
		};
		046662A41C151B9400D5521D /* Debug */ = {
			isa = XCBuildConfiguration;
			buildSettings = {
				BUNDLE_LOADER = "$(TEST_HOST)";
				FRAMEWORK_SEARCH_PATHS = (
					"$(SDKROOT)/Developer/Library/Frameworks",
					"$(inherited)",
				);
				GCC_PREPROCESSOR_DEFINITIONS = (
					"DEBUG=1",
					"$(inherited)",
				);
				INFOPLIST_FILE = OCNewProjectTests/Info.plist;
				LD_RUNPATH_SEARCH_PATHS = "$(inherited) @executable_path/Frameworks @loader_path/Frameworks";
				PRODUCT_NAME = "$(TARGET_NAME)";
				TEST_HOST = "$(BUILT_PRODUCTS_DIR)/OCNewProject.app/OCNewProject";
			};
			name = Debug;
		};
		046662A51C151B9400D5521D /* Release */ = {
			isa = XCBuildConfiguration;
			buildSettings = {
				BUNDLE_LOADER = "$(TEST_HOST)";
				FRAMEWORK_SEARCH_PATHS = (
					"$(SDKROOT)/Developer/Library/Frameworks",
					"$(inherited)",
				);
				INFOPLIST_FILE = OCNewProjectTests/Info.plist;
				LD_RUNPATH_SEARCH_PATHS = "$(inherited) @executable_path/Frameworks @loader_path/Frameworks";
				PRODUCT_NAME = "$(TARGET_NAME)";
				TEST_HOST = "$(BUILT_PRODUCTS_DIR)/OCNewProject.app/OCNewProject";
			};
			name = Release;
		};
/* End XCBuildConfiguration section */

/* Begin XCConfigurationList section */
		046662781C151B9300D5521D /* Build configuration list for PBXProject "OCNewProject" */ = {
			isa = XCConfigurationList;
			buildConfigurations = (
				0466629E1C151B9300D5521D /* Debug */,
				0466629F1C151B9300D5521D /* Release */,
			);
			defaultConfigurationIsVisible = 0;
			defaultConfigurationName = Release;
		};
		046662A01C151B9400D5521D /* Build configuration list for PBXNativeTarget "OCNewProject" */ = {
			isa = XCConfigurationList;
			buildConfigurations = (
				046662A11C151B9400D5521D /* Debug */,
				046662A21C151B9400D5521D /* Release */,
			);
			defaultConfigurationIsVisible = 0;
			defaultConfigurationName = Release;
		};
		046662A31C151B9400D5521D /* Build configuration list for PBXNativeTarget "OCNewProjectTests" */ = {
			isa = XCConfigurationList;
			buildConfigurations = (
				046662A41C151B9400D5521D /* Debug */,
				046662A51C151B9400D5521D /* Release */,
			);
			defaultConfigurationIsVisible = 0;
			defaultConfigurationName = Release;
		};
/* End XCConfigurationList section */
	};
	rootObject = 046662751C151B9300D5521D /* Project object */;
}
